lockfileVersion: '9.0'

settings:
  autoInstallPeers: true
  excludeLinksFromLockfile: false

importers:

  .: {}

  packages/application: {}

  packages/contracts: {}

  packages/domain: {}

  packages/execution-contracts: {}

  packages/persistence: {}

  packages/resources: {}

  packages/test-fixtures: {}

  packages/ui: {}
